
Microsoft Visual Studio Solution File, Format Version 12.00
# Visual Studio Version 16
VisualStudioVersion = 16.0.31321.278
MinimumVisualStudioVersion = 10.0.40219.1
Project("{9A19103F-16F7-4668-BE54-9A1E7A4F7556}") = "Api", "Api\Api.csproj", "{B62FFEDD-5869-48A1-89E6-4FE154248186}"
EndProject
Project("{9A19103F-16F7-4668-BE54-9A1E7A4F7556}") = "Domain", "Domain\Domain.csproj", "{4A60FEA0-E57E-4CEF-A18A-433A82EF77B6}"
EndProject
Project("{9A19103F-16F7-4668-BE54-9A1E7A4F7556}") = "Application", "Application\Application.csproj", "{A071334C-E7BE-4CE0-B06D-5C3E85FEFD17}"
EndProject
Project("{9A19103F-16F7-4668-BE54-9A1E7A4F7556}") = "Infrastructure", "Infrastructure\Infrastructure.csproj", "{C606E17F-6254-4C49-BDCE-7DEA43A475E7}"
EndProject
Project("{FAE04EC0-301F-11D3-BF4B-00C04F79EFBC}") = "Tests", "Tests\Tests.csproj", "{A0F025CD-D166-4E9B-B35E-D2403AA7FC6A}"
EndProject
Global
	GlobalSection(SolutionConfigurationPlatforms) = preSolution
		Debug|Any CPU = Debug|Any CPU
		Release|Any CPU = Release|Any CPU
	EndGlobalSection
	GlobalSection(ProjectConfigurationPlatforms) = postSolution
		{B62FFEDD-5869-48A1-89E6-4FE154248186}.Debug|Any CPU.ActiveCfg = Debug|Any CPU
		{B62FFEDD-5869-48A1-89E6-4FE154248186}.Debug|Any CPU.Build.0 = Debug|Any CPU
		{B62FFEDD-5869-48A1-89E6-4FE154248186}.Release|Any CPU.ActiveCfg = Release|Any CPU
		{B62FFEDD-5869-48A1-89E6-4FE154248186}.Release|Any CPU.Build.0 = Release|Any CPU
		{4A60FEA0-E57E-4CEF-A18A-433A82EF77B6}.Debug|Any CPU.ActiveCfg = Debug|Any CPU
		{4A60FEA0-E57E-4CEF-A18A-433A82EF77B6}.Debug|Any CPU.Build.0 = Debug|Any CPU
		{4A60FEA0-E57E-4CEF-A18A-433A82EF77B6}.Release|Any CPU.ActiveCfg = Release|Any CPU
		{4A60FEA0-E57E-4CEF-A18A-433A82EF77B6}.Release|Any CPU.Build.0 = Release|Any CPU
		{A071334C-E7BE-4CE0-B06D-5C3E85FEFD17}.Debug|Any CPU.ActiveCfg = Debug|Any CPU
		{A071334C-E7BE-4CE0-B06D-5C3E85FEFD17}.Debug|Any CPU.Build.0 = Debug|Any CPU
		{A071334C-E7BE-4CE0-B06D-5C3E85FEFD17}.Release|Any CPU.ActiveCfg = Release|Any CPU
		{A071334C-E7BE-4CE0-B06D-5C3E85FEFD17}.Release|Any CPU.Build.0 = Release|Any CPU
		{C606E17F-6254-4C49-BDCE-7DEA43A475E7}.Debug|Any CPU.ActiveCfg = Debug|Any CPU
		{C606E17F-6254-4C49-BDCE-7DEA43A475E7}.Debug|Any CPU.Build.0 = Debug|Any CPU
		{C606E17F-6254-4C49-BDCE-7DEA43A475E7}.Release|Any CPU.ActiveCfg = Release|Any CPU
		{C606E17F-6254-4C49-BDCE-7DEA43A475E7}.Release|Any CPU.Build.0 = Release|Any CPU
		{A0F025CD-D166-4E9B-B35E-D2403AA7FC6A}.Debug|Any CPU.ActiveCfg = Debug|Any CPU
		{A0F025CD-D166-4E9B-B35E-D2403AA7FC6A}.Debug|Any CPU.Build.0 = Debug|Any CPU
		{A0F025CD-D166-4E9B-B35E-D2403AA7FC6A}.Release|Any CPU.ActiveCfg = Release|Any CPU
		{A0F025CD-D166-4E9B-B35E-D2403AA7FC6A}.Release|Any CPU.Build.0 = Release|Any CPU
	EndGlobalSection
	GlobalSection(SolutionProperties) = preSolution
		HideSolutionNode = FALSE
	EndGlobalSection
	GlobalSection(ExtensibilityGlobals) = postSolution
		SolutionGuid = {069B774F-C8C1-41EB-802C-CCA1A0C81A8F}
	EndGlobalSection
EndGlobal
